
Microsoft Visual Studio Solution File, Format Version 12.00
# Visual Studio 14
VisualStudioVersion = 14.0.23107.0
MinimumVisualStudioVersion = 10.0.40219.1
Project("{FAE04EC0-301F-11D3-BF4B-00C04F79EFBC}") = "TestForm", "TestForm\TestForm.csproj", "{8114F4F7-7626-4DB7-84DC-7311E85605DF}"
EndProject
Project("{FAE04EC0-301F-11D3-BF4B-00C04F79EFBC}") = "PogoLib", "PogoLib\PogoLib.csproj", "{36F85416-9AE3-4E5A-AED8-50A97F916ADC}"
EndProject
Global
	GlobalSection(SolutionConfigurationPlatforms) = preSolution
		Debug|Any CPU = Debug|Any CPU
		Release|Any CPU = Release|Any CPU
	EndGlobalSection
	GlobalSection(ProjectConfigurationPlatforms) = postSolution
		{8114F4F7-7626-4DB7-84DC-7311E85605DF}.Debug|Any CPU.ActiveCfg = Debug|Any CPU
		{8114F4F7-7626-4DB7-84DC-7311E85605DF}.Debug|Any CPU.Build.0 = Debug|Any CPU
		{8114F4F7-7626-4DB7-84DC-7311E85605DF}.Release|Any CPU.ActiveCfg = Release|Any CPU
		{8114F4F7-7626-4DB7-84DC-7311E85605DF}.Release|Any CPU.Build.0 = Release|Any CPU
		{36F85416-9AE3-4E5A-AED8-50A97F916ADC}.Debug|Any CPU.ActiveCfg = Debug|Any CPU
		{36F85416-9AE3-4E5A-AED8-50A97F916ADC}.Debug|Any CPU.Build.0 = Debug|Any CPU
		{36F85416-9AE3-4E5A-AED8-50A97F916ADC}.Release|Any CPU.ActiveCfg = Release|Any CPU
		{36F85416-9AE3-4E5A-AED8-50A97F916ADC}.Release|Any CPU.Build.0 = Release|Any CPU
	EndGlobalSection
	GlobalSection(SolutionProperties) = preSolution
		HideSolutionNode = FALSE
	EndGlobalSection
EndGlobal
